
Microsoft Visual Studio Solution File, Format Version 12.00
# Visual Studio Version 17
VisualStudioVersion = 17.3.32825.248
MinimumVisualStudioVersion = 10.0.40219.1
Project("{FAE04EC0-301F-11D3-BF4B-00C04F79EFBC}") = "DockerSample", "DockerSample\DockerSample.csproj", "{300871A2-756E-4F44-B580-0574FAEC553C}"
EndProject
Global
	GlobalSection(SolutionConfigurationPlatforms) = preSolution
		Debug|Any CPU = Debug|Any CPU
		Release|Any CPU = Release|Any CPU
	EndGlobalSection
	GlobalSection(ProjectConfigurationPlatforms) = postSolution
		{300871A2-756E-4F44-B580-0574FAEC553C}.Debug|Any CPU.ActiveCfg = Debug|Any CPU
		{300871A2-756E-4F44-B580-0574FAEC553C}.Debug|Any CPU.Build.0 = Debug|Any CPU
		{300871A2-756E-4F44-B580-0574FAEC553C}.Release|Any CPU.ActiveCfg = Release|Any CPU
		{300871A2-756E-4F44-B580-0574FAEC553C}.Release|Any CPU.Build.0 = Release|Any CPU
	EndGlobalSection
	GlobalSection(SolutionProperties) = preSolution
		HideSolutionNode = FALSE
	EndGlobalSection
	GlobalSection(ExtensibilityGlobals) = postSolution
		SolutionGuid = {5F4A920F-487F-4115-9695-3AAB9854A99D}
	EndGlobalSection
EndGlobal
